
Microsoft Visual Studio Solution File, Format Version 12.00
# Visual Studio Version 17
VisualStudioVersion = 17.7.34003.232
MinimumVisualStudioVersion = 10.0.40219.1
Project("{FAE04EC0-301F-11D3-BF4B-00C04F79EFBC}") = "QuestaoUm", "QuestaoUm.csproj", "{FA66C3C7-EECF-4F6A-B805-7FA33896AB96}"
EndProject
Project("{2150E333-8FDC-42A3-9474-1A3956D46DE8}") = "Solution Items", "Solution Items", "{76A5D988-780B-4388-90C7-E7FF40ED8AE6}"
	ProjectSection(SolutionItems) = preProject
		.editorconfig = .editorconfig
	EndProjectSection
EndProject
Global
	GlobalSection(SolutionConfigurationPlatforms) = preSolution
		Debug|Any CPU = Debug|Any CPU
		Release|Any CPU = Release|Any CPU
	EndGlobalSection
	GlobalSection(ProjectConfigurationPlatforms) = postSolution
		{FA66C3C7-EECF-4F6A-B805-7FA33896AB96}.Debug|Any CPU.ActiveCfg = Debug|Any CPU
		{FA66C3C7-EECF-4F6A-B805-7FA33896AB96}.Debug|Any CPU.Build.0 = Debug|Any CPU
		{FA66C3C7-EECF-4F6A-B805-7FA33896AB96}.Release|Any CPU.ActiveCfg = Release|Any CPU
		{FA66C3C7-EECF-4F6A-B805-7FA33896AB96}.Release|Any CPU.Build.0 = Release|Any CPU
	EndGlobalSection
	GlobalSection(SolutionProperties) = preSolution
		HideSolutionNode = FALSE
	EndGlobalSection
	GlobalSection(ExtensibilityGlobals) = postSolution
		SolutionGuid = {54BDE1BA-F51A-4CC2-84D6-FF04AB49CEEA}
	EndGlobalSection
EndGlobal
